
Microsoft Visual Studio Solution File, Format Version 12.00
# Visual Studio Version 17
VisualStudioVersion = 17.8.34330.188
MinimumVisualStudioVersion = 10.0.40219.1
Project("{FAE04EC0-301F-11D3-BF4B-00C04F79EFBC}") = "GreenHell_TrueGear", "GreenHell_TrueGear\GreenHell_TrueGear.csproj", "{51E66580-400F-411B-B74A-0926C4A14C3B}"
EndProject
Global
	GlobalSection(SolutionConfigurationPlatforms) = preSolution
		Debug|Any CPU = Debug|Any CPU
		Release|Any CPU = Release|Any CPU
	EndGlobalSection
	GlobalSection(ProjectConfigurationPlatforms) = postSolution
		{51E66580-400F-411B-B74A-0926C4A14C3B}.Debug|Any CPU.ActiveCfg = Debug|Any CPU
		{51E66580-400F-411B-B74A-0926C4A14C3B}.Debug|Any CPU.Build.0 = Debug|Any CPU
		{51E66580-400F-411B-B74A-0926C4A14C3B}.Release|Any CPU.ActiveCfg = Release|Any CPU
		{51E66580-400F-411B-B74A-0926C4A14C3B}.Release|Any CPU.Build.0 = Release|Any CPU
	EndGlobalSection
	GlobalSection(SolutionProperties) = preSolution
		HideSolutionNode = FALSE
	EndGlobalSection
	GlobalSection(ExtensibilityGlobals) = postSolution
		SolutionGuid = {0F9E7E8D-772D-4434-A961-AE657F05DB6E}
	EndGlobalSection
EndGlobal
